
Microsoft Visual Studio Solution File, Format Version 12.00
# Visual Studio 2013
VisualStudioVersion = 12.0.21005.1
MinimumVisualStudioVersion = 10.0.40219.1
Project("{FAE04EC0-301F-11D3-BF4B-00C04F79EFBC}") = "SablePP.Compiler", "SablePP.Compiler\SablePP.Compiler.csproj", "{5441C1D8-4091-4B8F-A2E6-50C65666324F}"
EndProject
Project("{FAE04EC0-301F-11D3-BF4B-00C04F79EFBC}") = "SablePP.Tools", "SablePP.Tools\SablePP.Tools.csproj", "{3A7BF5F0-3346-4653-A3C3-443C5311971B}"
EndProject
Global
	GlobalSection(SolutionConfigurationPlatforms) = preSolution
		Debug (win)|Any CPU = Debug (win)|Any CPU
		Debug (win)|Mixed Platforms = Debug (win)|Mixed Platforms
		Debug (win)|x86 = Debug (win)|x86
		Release (win)|Any CPU = Release (win)|Any CPU
		Release (win)|Mixed Platforms = Release (win)|Mixed Platforms
		Release (win)|x86 = Release (win)|x86
	EndGlobalSection
	GlobalSection(ProjectConfigurationPlatforms) = postSolution
		{5441C1D8-4091-4B8F-A2E6-50C65666324F}.Debug (win)|Any CPU.ActiveCfg = Debug (win)|x86
		{5441C1D8-4091-4B8F-A2E6-50C65666324F}.Debug (win)|Mixed Platforms.ActiveCfg = Debug (win)|x86
		{5441C1D8-4091-4B8F-A2E6-50C65666324F}.Debug (win)|Mixed Platforms.Build.0 = Debug (win)|x86
		{5441C1D8-4091-4B8F-A2E6-50C65666324F}.Debug (win)|x86.ActiveCfg = Debug (win)|x86
		{5441C1D8-4091-4B8F-A2E6-50C65666324F}.Debug (win)|x86.Build.0 = Debug (win)|x86
		{5441C1D8-4091-4B8F-A2E6-50C65666324F}.Release (win)|Any CPU.ActiveCfg = Release (win)|x86
		{5441C1D8-4091-4B8F-A2E6-50C65666324F}.Release (win)|Mixed Platforms.ActiveCfg = Release (win)|x86
		{5441C1D8-4091-4B8F-A2E6-50C65666324F}.Release (win)|Mixed Platforms.Build.0 = Release (win)|x86
		{5441C1D8-4091-4B8F-A2E6-50C65666324F}.Release (win)|x86.ActiveCfg = Release (win)|x86
		{5441C1D8-4091-4B8F-A2E6-50C65666324F}.Release (win)|x86.Build.0 = Release (win)|x86
		{3A7BF5F0-3346-4653-A3C3-443C5311971B}.Debug (win)|Any CPU.ActiveCfg = Debug|Any CPU
		{3A7BF5F0-3346-4653-A3C3-443C5311971B}.Debug (win)|Any CPU.Build.0 = Debug|Any CPU
		{3A7BF5F0-3346-4653-A3C3-443C5311971B}.Debug (win)|Mixed Platforms.ActiveCfg = Debug|Any CPU
		{3A7BF5F0-3346-4653-A3C3-443C5311971B}.Debug (win)|Mixed Platforms.Build.0 = Debug|Any CPU
		{3A7BF5F0-3346-4653-A3C3-443C5311971B}.Debug (win)|x86.ActiveCfg = Debug|Any CPU
		{3A7BF5F0-3346-4653-A3C3-443C5311971B}.Debug (win)|x86.Build.0 = Debug|Any CPU
		{3A7BF5F0-3346-4653-A3C3-443C5311971B}.Release (win)|Any CPU.ActiveCfg = Release|Any CPU
		{3A7BF5F0-3346-4653-A3C3-443C5311971B}.Release (win)|Any CPU.Build.0 = Release|Any CPU
		{3A7BF5F0-3346-4653-A3C3-443C5311971B}.Release (win)|Mixed Platforms.ActiveCfg = Release|Any CPU
		{3A7BF5F0-3346-4653-A3C3-443C5311971B}.Release (win)|Mixed Platforms.Build.0 = Release|Any CPU
		{3A7BF5F0-3346-4653-A3C3-443C5311971B}.Release (win)|x86.ActiveCfg = Release|Any CPU
		{3A7BF5F0-3346-4653-A3C3-443C5311971B}.Release (win)|x86.Build.0 = Release|Any CPU
	EndGlobalSection
	GlobalSection(SolutionProperties) = preSolution
		HideSolutionNode = FALSE
	EndGlobalSection
EndGlobal
